
Microsoft Visual Studio Solution File, Format Version 12.00
# Visual Studio Version 17
VisualStudioVersion = 17.5.002.0
MinimumVisualStudioVersion = 10.0.40219.1
Project("{2150E333-8FDC-42A3-9474-1A3956D46DE8}") = "challenges", "challenges", "{39377530-A1AF-4B62-8697-6E500CC6A88F}"
EndProject
Project("{9A19103F-16F7-4668-BE54-9A1E7A4F7556}") = "Day001", "challenges\Day001\Day001.csproj", "{7EF0B69A-2DE3-4E99-994D-2129985E5FA7}"
EndProject
Project("{9A19103F-16F7-4668-BE54-9A1E7A4F7556}") = "Day002", "challenges\Day002\Day002.csproj", "{56288337-7673-42AA-BCC6-9060FDF9A629}"
EndProject
Project("{9A19103F-16F7-4668-BE54-9A1E7A4F7556}") = "Day003", "challenges\Day003\Day003.csproj", "{9FD7F621-B16A-4170-8C8E-1CC14E06C1FB}"
EndProject
Project("{9A19103F-16F7-4668-BE54-9A1E7A4F7556}") = "Day004", "challenges\Day004\Day004.csproj", "{1F1294B4-AA1D-4F00-B86D-9F1FEC80D61C}"
EndProject
Project("{9A19103F-16F7-4668-BE54-9A1E7A4F7556}") = "Day005", "challenges\Day005\Day005.csproj", "{6D640D47-DEE0-4AAC-936D-11A84BB74AE5}"
EndProject
Project("{9A19103F-16F7-4668-BE54-9A1E7A4F7556}") = "Day006", "challenges\Day006\Day006.csproj", "{4B170CCD-5E94-46B5-BBC5-74255658B562}"
EndProject
Project("{9A19103F-16F7-4668-BE54-9A1E7A4F7556}") = "Day007", "challenges\Day007\Day007.csproj", "{C0222ABF-8628-4BD0-88C7-88BE2BCDFCED}"
EndProject
Project("{9A19103F-16F7-4668-BE54-9A1E7A4F7556}") = "Day008", "challenges\Day008\Day008.csproj", "{24423416-87A8-435B-832A-E9ECFFEE48A7}"
EndProject
Project("{9A19103F-16F7-4668-BE54-9A1E7A4F7556}") = "Day009", "challenges\Day009\Day009.csproj", "{A6786F38-5E74-44D0-BDAF-F85B1F791B80}"
EndProject
Project("{9A19103F-16F7-4668-BE54-9A1E7A4F7556}") = "Day010", "challenges\Day010\Day010.csproj", "{BF65B505-F97E-4742-BDB1-A180631DF246}"
EndProject
Project("{9A19103F-16F7-4668-BE54-9A1E7A4F7556}") = "Day011", "challenges\Day011\Day011.csproj", "{A766556D-C276-4E03-8877-7DC6D953FAFF}"
EndProject
Project("{9A19103F-16F7-4668-BE54-9A1E7A4F7556}") = "Day012", "challenges\Day012\Day012.csproj", "{FA8EEC10-5A78-49DA-9528-4431CC9078EC}"
EndProject
Project("{9A19103F-16F7-4668-BE54-9A1E7A4F7556}") = "Day013", "challenges\Day013\Day013.csproj", "{5CE596CE-81C9-41DE-908E-DFE58B00D5D4}"
EndProject
Project("{9A19103F-16F7-4668-BE54-9A1E7A4F7556}") = "Day014", "challenges\Day014\Day014.csproj", "{7FCFC87E-5A75-4888-96BE-BF56BE759A64}"
EndProject
Global
	GlobalSection(SolutionConfigurationPlatforms) = preSolution
		Debug|Any CPU = Debug|Any CPU
		Release|Any CPU = Release|Any CPU
	EndGlobalSection
	GlobalSection(ProjectConfigurationPlatforms) = postSolution
		{7EF0B69A-2DE3-4E99-994D-2129985E5FA7}.Debug|Any CPU.ActiveCfg = Debug|Any CPU
		{7EF0B69A-2DE3-4E99-994D-2129985E5FA7}.Debug|Any CPU.Build.0 = Debug|Any CPU
		{7EF0B69A-2DE3-4E99-994D-2129985E5FA7}.Release|Any CPU.ActiveCfg = Release|Any CPU
		{7EF0B69A-2DE3-4E99-994D-2129985E5FA7}.Release|Any CPU.Build.0 = Release|Any CPU
		{56288337-7673-42AA-BCC6-9060FDF9A629}.Debug|Any CPU.ActiveCfg = Debug|Any CPU
		{56288337-7673-42AA-BCC6-9060FDF9A629}.Debug|Any CPU.Build.0 = Debug|Any CPU
		{56288337-7673-42AA-BCC6-9060FDF9A629}.Release|Any CPU.ActiveCfg = Release|Any CPU
		{56288337-7673-42AA-BCC6-9060FDF9A629}.Release|Any CPU.Build.0 = Release|Any CPU
		{9FD7F621-B16A-4170-8C8E-1CC14E06C1FB}.Debug|Any CPU.ActiveCfg = Debug|Any CPU
		{9FD7F621-B16A-4170-8C8E-1CC14E06C1FB}.Debug|Any CPU.Build.0 = Debug|Any CPU
		{9FD7F621-B16A-4170-8C8E-1CC14E06C1FB}.Release|Any CPU.ActiveCfg = Release|Any CPU
		{9FD7F621-B16A-4170-8C8E-1CC14E06C1FB}.Release|Any CPU.Build.0 = Release|Any CPU
		{1F1294B4-AA1D-4F00-B86D-9F1FEC80D61C}.Debug|Any CPU.ActiveCfg = Debug|Any CPU
		{1F1294B4-AA1D-4F00-B86D-9F1FEC80D61C}.Debug|Any CPU.Build.0 = Debug|Any CPU
		{1F1294B4-AA1D-4F00-B86D-9F1FEC80D61C}.Release|Any CPU.ActiveCfg = Release|Any CPU
		{1F1294B4-AA1D-4F00-B86D-9F1FEC80D61C}.Release|Any CPU.Build.0 = Release|Any CPU
		{6D640D47-DEE0-4AAC-936D-11A84BB74AE5}.Debug|Any CPU.ActiveCfg = Debug|Any CPU
		{6D640D47-DEE0-4AAC-936D-11A84BB74AE5}.Debug|Any CPU.Build.0 = Debug|Any CPU
		{6D640D47-DEE0-4AAC-936D-11A84BB74AE5}.Release|Any CPU.ActiveCfg = Release|Any CPU
		{6D640D47-DEE0-4AAC-936D-11A84BB74AE5}.Release|Any CPU.Build.0 = Release|Any CPU
		{4B170CCD-5E94-46B5-BBC5-74255658B562}.Debug|Any CPU.ActiveCfg = Debug|Any CPU
		{4B170CCD-5E94-46B5-BBC5-74255658B562}.Debug|Any CPU.Build.0 = Debug|Any CPU
		{4B170CCD-5E94-46B5-BBC5-74255658B562}.Release|Any CPU.ActiveCfg = Release|Any CPU
		{4B170CCD-5E94-46B5-BBC5-74255658B562}.Release|Any CPU.Build.0 = Release|Any CPU
		{C0222ABF-8628-4BD0-88C7-88BE2BCDFCED}.Debug|Any CPU.ActiveCfg = Debug|Any CPU
		{C0222ABF-8628-4BD0-88C7-88BE2BCDFCED}.Debug|Any CPU.Build.0 = Debug|Any CPU
		{C0222ABF-8628-4BD0-88C7-88BE2BCDFCED}.Release|Any CPU.ActiveCfg = Release|Any CPU
		{C0222ABF-8628-4BD0-88C7-88BE2BCDFCED}.Release|Any CPU.Build.0 = Release|Any CPU
		{24423416-87A8-435B-832A-E9ECFFEE48A7}.Debug|Any CPU.ActiveCfg = Debug|Any CPU
		{24423416-87A8-435B-832A-E9ECFFEE48A7}.Debug|Any CPU.Build.0 = Debug|Any CPU
		{24423416-87A8-435B-832A-E9ECFFEE48A7}.Release|Any CPU.ActiveCfg = Release|Any CPU
		{24423416-87A8-435B-832A-E9ECFFEE48A7}.Release|Any CPU.Build.0 = Release|Any CPU
		{A6786F38-5E74-44D0-BDAF-F85B1F791B80}.Debug|Any CPU.ActiveCfg = Debug|Any CPU
		{A6786F38-5E74-44D0-BDAF-F85B1F791B80}.Debug|Any CPU.Build.0 = Debug|Any CPU
		{A6786F38-5E74-44D0-BDAF-F85B1F791B80}.Release|Any CPU.ActiveCfg = Release|Any CPU
		{A6786F38-5E74-44D0-BDAF-F85B1F791B80}.Release|Any CPU.Build.0 = Release|Any CPU
		{BF65B505-F97E-4742-BDB1-A180631DF246}.Debug|Any CPU.ActiveCfg = Debug|Any CPU
		{BF65B505-F97E-4742-BDB1-A180631DF246}.Debug|Any CPU.Build.0 = Debug|Any CPU
		{BF65B505-F97E-4742-BDB1-A180631DF246}.Release|Any CPU.ActiveCfg = Release|Any CPU
		{BF65B505-F97E-4742-BDB1-A180631DF246}.Release|Any CPU.Build.0 = Release|Any CPU
		{A766556D-C276-4E03-8877-7DC6D953FAFF}.Debug|Any CPU.ActiveCfg = Debug|Any CPU
		{A766556D-C276-4E03-8877-7DC6D953FAFF}.Debug|Any CPU.Build.0 = Debug|Any CPU
		{A766556D-C276-4E03-8877-7DC6D953FAFF}.Release|Any CPU.ActiveCfg = Release|Any CPU
		{A766556D-C276-4E03-8877-7DC6D953FAFF}.Release|Any CPU.Build.0 = Release|Any CPU
		{FA8EEC10-5A78-49DA-9528-4431CC9078EC}.Debug|Any CPU.ActiveCfg = Debug|Any CPU
		{FA8EEC10-5A78-49DA-9528-4431CC9078EC}.Debug|Any CPU.Build.0 = Debug|Any CPU
		{FA8EEC10-5A78-49DA-9528-4431CC9078EC}.Release|Any CPU.ActiveCfg = Release|Any CPU
		{FA8EEC10-5A78-49DA-9528-4431CC9078EC}.Release|Any CPU.Build.0 = Release|Any CPU
		{5CE596CE-81C9-41DE-908E-DFE58B00D5D4}.Debug|Any CPU.ActiveCfg = Debug|Any CPU
		{5CE596CE-81C9-41DE-908E-DFE58B00D5D4}.Debug|Any CPU.Build.0 = Debug|Any CPU
		{5CE596CE-81C9-41DE-908E-DFE58B00D5D4}.Release|Any CPU.ActiveCfg = Release|Any CPU
		{5CE596CE-81C9-41DE-908E-DFE58B00D5D4}.Release|Any CPU.Build.0 = Release|Any CPU
		{7FCFC87E-5A75-4888-96BE-BF56BE759A64}.Debug|Any CPU.ActiveCfg = Debug|Any CPU
		{7FCFC87E-5A75-4888-96BE-BF56BE759A64}.Debug|Any CPU.Build.0 = Debug|Any CPU
		{7FCFC87E-5A75-4888-96BE-BF56BE759A64}.Release|Any CPU.ActiveCfg = Release|Any CPU
		{7FCFC87E-5A75-4888-96BE-BF56BE759A64}.Release|Any CPU.Build.0 = Release|Any CPU
	EndGlobalSection
	GlobalSection(SolutionProperties) = preSolution
		HideSolutionNode = FALSE
	EndGlobalSection
	GlobalSection(NestedProjects) = preSolution
		{7EF0B69A-2DE3-4E99-994D-2129985E5FA7} = {39377530-A1AF-4B62-8697-6E500CC6A88F}
		{56288337-7673-42AA-BCC6-9060FDF9A629} = {39377530-A1AF-4B62-8697-6E500CC6A88F}
		{9FD7F621-B16A-4170-8C8E-1CC14E06C1FB} = {39377530-A1AF-4B62-8697-6E500CC6A88F}
		{1F1294B4-AA1D-4F00-B86D-9F1FEC80D61C} = {39377530-A1AF-4B62-8697-6E500CC6A88F}
		{6D640D47-DEE0-4AAC-936D-11A84BB74AE5} = {39377530-A1AF-4B62-8697-6E500CC6A88F}
		{4B170CCD-5E94-46B5-BBC5-74255658B562} = {39377530-A1AF-4B62-8697-6E500CC6A88F}
		{C0222ABF-8628-4BD0-88C7-88BE2BCDFCED} = {39377530-A1AF-4B62-8697-6E500CC6A88F}
		{24423416-87A8-435B-832A-E9ECFFEE48A7} = {39377530-A1AF-4B62-8697-6E500CC6A88F}
		{A6786F38-5E74-44D0-BDAF-F85B1F791B80} = {39377530-A1AF-4B62-8697-6E500CC6A88F}
		{BF65B505-F97E-4742-BDB1-A180631DF246} = {39377530-A1AF-4B62-8697-6E500CC6A88F}
		{A766556D-C276-4E03-8877-7DC6D953FAFF} = {39377530-A1AF-4B62-8697-6E500CC6A88F}
		{FA8EEC10-5A78-49DA-9528-4431CC9078EC} = {39377530-A1AF-4B62-8697-6E500CC6A88F}
		{5CE596CE-81C9-41DE-908E-DFE58B00D5D4} = {39377530-A1AF-4B62-8697-6E500CC6A88F}
		{7FCFC87E-5A75-4888-96BE-BF56BE759A64} = {39377530-A1AF-4B62-8697-6E500CC6A88F}
	EndGlobalSection
	GlobalSection(ExtensibilityGlobals) = postSolution
		SolutionGuid = {01A76F09-5EC0-4700-80B2-8CD4C117CC17}
	EndGlobalSection
EndGlobal
