
Microsoft Visual Studio Solution File, Format Version 12.00
# Visual Studio Version 17
VisualStudioVersion = 17.5.002.0
MinimumVisualStudioVersion = 10.0.40219.1
Project("{2150E333-8FDC-42A3-9474-1A3956D46DE8}") = "challenges", "challenges", "{0F7C24DC-0FA7-4B04-8676-051B7D96D9B6}"
EndProject
Project("{9A19103F-16F7-4668-BE54-9A1E7A4F7556}") = "Day001", "challenges\Day001\Day001.csproj", "{A14338A6-4DC0-4BA9-88AB-593C698D61AD}"
EndProject
Project("{9A19103F-16F7-4668-BE54-9A1E7A4F7556}") = "Day002", "challenges\Day002\Day002.csproj", "{E11FE729-E0AE-45D2-A331-DC31DB123972}"
EndProject
Project("{9A19103F-16F7-4668-BE54-9A1E7A4F7556}") = "Day003", "challenges\Day003\Day003.csproj", "{1639F20D-9589-4BF5-ADFD-28DCD10A85A2}"
EndProject
Project("{9A19103F-16F7-4668-BE54-9A1E7A4F7556}") = "Day004", "challenges\Day004\Day004.csproj", "{912F270F-8B0F-427F-B088-DF59F1278200}"
EndProject
Project("{9A19103F-16F7-4668-BE54-9A1E7A4F7556}") = "Day005", "challenges\Day005\Day005.csproj", "{DFD1606A-AA62-4EE9-AD7D-C61A51BE4A0D}"
EndProject
Project("{9A19103F-16F7-4668-BE54-9A1E7A4F7556}") = "Day006", "challenges\Day006\Day006.csproj", "{FD3E4690-4C60-455E-AC7B-84BC87EC7883}"
EndProject
Project("{9A19103F-16F7-4668-BE54-9A1E7A4F7556}") = "Day007", "challenges\Day007\Day007.csproj", "{9A22C1AB-E98A-4A85-A793-D17C4C583430}"
EndProject
Project("{9A19103F-16F7-4668-BE54-9A1E7A4F7556}") = "Day008", "challenges\Day008\Day008.csproj", "{65203E85-A164-48E7-A55F-A460D412746A}"
EndProject
Project("{9A19103F-16F7-4668-BE54-9A1E7A4F7556}") = "Day009", "challenges\Day009\Day009.csproj", "{F3F55D2B-9489-4B5E-A9B1-D0AD0D097461}"
EndProject
Global
	GlobalSection(SolutionConfigurationPlatforms) = preSolution
		Debug|Any CPU = Debug|Any CPU
		Release|Any CPU = Release|Any CPU
	EndGlobalSection
	GlobalSection(ProjectConfigurationPlatforms) = postSolution
		{A14338A6-4DC0-4BA9-88AB-593C698D61AD}.Debug|Any CPU.ActiveCfg = Debug|Any CPU
		{A14338A6-4DC0-4BA9-88AB-593C698D61AD}.Debug|Any CPU.Build.0 = Debug|Any CPU
		{A14338A6-4DC0-4BA9-88AB-593C698D61AD}.Release|Any CPU.ActiveCfg = Release|Any CPU
		{A14338A6-4DC0-4BA9-88AB-593C698D61AD}.Release|Any CPU.Build.0 = Release|Any CPU
		{E11FE729-E0AE-45D2-A331-DC31DB123972}.Debug|Any CPU.ActiveCfg = Debug|Any CPU
		{E11FE729-E0AE-45D2-A331-DC31DB123972}.Debug|Any CPU.Build.0 = Debug|Any CPU
		{E11FE729-E0AE-45D2-A331-DC31DB123972}.Release|Any CPU.ActiveCfg = Release|Any CPU
		{E11FE729-E0AE-45D2-A331-DC31DB123972}.Release|Any CPU.Build.0 = Release|Any CPU
		{1639F20D-9589-4BF5-ADFD-28DCD10A85A2}.Debug|Any CPU.ActiveCfg = Debug|Any CPU
		{1639F20D-9589-4BF5-ADFD-28DCD10A85A2}.Debug|Any CPU.Build.0 = Debug|Any CPU
		{1639F20D-9589-4BF5-ADFD-28DCD10A85A2}.Release|Any CPU.ActiveCfg = Release|Any CPU
		{1639F20D-9589-4BF5-ADFD-28DCD10A85A2}.Release|Any CPU.Build.0 = Release|Any CPU
		{912F270F-8B0F-427F-B088-DF59F1278200}.Debug|Any CPU.ActiveCfg = Debug|Any CPU
		{912F270F-8B0F-427F-B088-DF59F1278200}.Debug|Any CPU.Build.0 = Debug|Any CPU
		{912F270F-8B0F-427F-B088-DF59F1278200}.Release|Any CPU.ActiveCfg = Release|Any CPU
		{912F270F-8B0F-427F-B088-DF59F1278200}.Release|Any CPU.Build.0 = Release|Any CPU
		{DFD1606A-AA62-4EE9-AD7D-C61A51BE4A0D}.Debug|Any CPU.ActiveCfg = Debug|Any CPU
		{DFD1606A-AA62-4EE9-AD7D-C61A51BE4A0D}.Debug|Any CPU.Build.0 = Debug|Any CPU
		{DFD1606A-AA62-4EE9-AD7D-C61A51BE4A0D}.Release|Any CPU.ActiveCfg = Release|Any CPU
		{DFD1606A-AA62-4EE9-AD7D-C61A51BE4A0D}.Release|Any CPU.Build.0 = Release|Any CPU
		{FD3E4690-4C60-455E-AC7B-84BC87EC7883}.Debug|Any CPU.ActiveCfg = Debug|Any CPU
		{FD3E4690-4C60-455E-AC7B-84BC87EC7883}.Debug|Any CPU.Build.0 = Debug|Any CPU
		{FD3E4690-4C60-455E-AC7B-84BC87EC7883}.Release|Any CPU.ActiveCfg = Release|Any CPU
		{FD3E4690-4C60-455E-AC7B-84BC87EC7883}.Release|Any CPU.Build.0 = Release|Any CPU
		{9A22C1AB-E98A-4A85-A793-D17C4C583430}.Debug|Any CPU.ActiveCfg = Debug|Any CPU
		{9A22C1AB-E98A-4A85-A793-D17C4C583430}.Debug|Any CPU.Build.0 = Debug|Any CPU
		{9A22C1AB-E98A-4A85-A793-D17C4C583430}.Release|Any CPU.ActiveCfg = Release|Any CPU
		{9A22C1AB-E98A-4A85-A793-D17C4C583430}.Release|Any CPU.Build.0 = Release|Any CPU
		{65203E85-A164-48E7-A55F-A460D412746A}.Debug|Any CPU.ActiveCfg = Debug|Any CPU
		{65203E85-A164-48E7-A55F-A460D412746A}.Debug|Any CPU.Build.0 = Debug|Any CPU
		{65203E85-A164-48E7-A55F-A460D412746A}.Release|Any CPU.ActiveCfg = Release|Any CPU
		{65203E85-A164-48E7-A55F-A460D412746A}.Release|Any CPU.Build.0 = Release|Any CPU
		{F3F55D2B-9489-4B5E-A9B1-D0AD0D097461}.Debug|Any CPU.ActiveCfg = Debug|Any CPU
		{F3F55D2B-9489-4B5E-A9B1-D0AD0D097461}.Debug|Any CPU.Build.0 = Debug|Any CPU
		{F3F55D2B-9489-4B5E-A9B1-D0AD0D097461}.Release|Any CPU.ActiveCfg = Release|Any CPU
		{F3F55D2B-9489-4B5E-A9B1-D0AD0D097461}.Release|Any CPU.Build.0 = Release|Any CPU
	EndGlobalSection
	GlobalSection(SolutionProperties) = preSolution
		HideSolutionNode = FALSE
	EndGlobalSection
	GlobalSection(NestedProjects) = preSolution
		{A14338A6-4DC0-4BA9-88AB-593C698D61AD} = {0F7C24DC-0FA7-4B04-8676-051B7D96D9B6}
		{E11FE729-E0AE-45D2-A331-DC31DB123972} = {0F7C24DC-0FA7-4B04-8676-051B7D96D9B6}
		{1639F20D-9589-4BF5-ADFD-28DCD10A85A2} = {0F7C24DC-0FA7-4B04-8676-051B7D96D9B6}
		{912F270F-8B0F-427F-B088-DF59F1278200} = {0F7C24DC-0FA7-4B04-8676-051B7D96D9B6}
		{DFD1606A-AA62-4EE9-AD7D-C61A51BE4A0D} = {0F7C24DC-0FA7-4B04-8676-051B7D96D9B6}
		{FD3E4690-4C60-455E-AC7B-84BC87EC7883} = {0F7C24DC-0FA7-4B04-8676-051B7D96D9B6}
		{9A22C1AB-E98A-4A85-A793-D17C4C583430} = {0F7C24DC-0FA7-4B04-8676-051B7D96D9B6}
		{65203E85-A164-48E7-A55F-A460D412746A} = {0F7C24DC-0FA7-4B04-8676-051B7D96D9B6}
		{F3F55D2B-9489-4B5E-A9B1-D0AD0D097461} = {0F7C24DC-0FA7-4B04-8676-051B7D96D9B6}
	EndGlobalSection
	GlobalSection(ExtensibilityGlobals) = postSolution
		SolutionGuid = {01A76F09-5EC0-4700-80B2-8CD4C117CC17}
	EndGlobalSection
EndGlobal
