
Microsoft Visual Studio Solution File, Format Version 12.00
# Visual Studio Version 17
VisualStudioVersion = 17.5.002.0
MinimumVisualStudioVersion = 10.0.40219.1
Project("{2150E333-8FDC-42A3-9474-1A3956D46DE8}") = "challenges", "challenges", "{95112BA2-10A8-452B-BFC3-8DF46C5A8BC7}"
EndProject
Project("{9A19103F-16F7-4668-BE54-9A1E7A4F7556}") = "Day001", "challenges\Day001\Day001.csproj", "{EAE47D04-0AFF-4FC7-A9FE-9793452D1714}"
EndProject
Project("{9A19103F-16F7-4668-BE54-9A1E7A4F7556}") = "Day002", "challenges\Day002\Day002.csproj", "{EC843260-AE52-4362-948F-88722163E6E9}"
EndProject
Project("{9A19103F-16F7-4668-BE54-9A1E7A4F7556}") = "Day003", "challenges\Day003\Day003.csproj", "{D38D4FD3-646D-44EB-9BCC-98EEF56E205A}"
EndProject
Project("{9A19103F-16F7-4668-BE54-9A1E7A4F7556}") = "Day004", "challenges\Day004\Day004.csproj", "{150AFB5B-C89F-4D2C-922E-195213704E03}"
EndProject
Project("{9A19103F-16F7-4668-BE54-9A1E7A4F7556}") = "Day005", "challenges\Day005\Day005.csproj", "{FAEDF16A-06F7-4CD8-8A8B-FA889DC2C3FC}"
EndProject
Project("{9A19103F-16F7-4668-BE54-9A1E7A4F7556}") = "Day006", "challenges\Day006\Day006.csproj", "{DB39242F-9244-41D4-906E-5F51EA09FC77}"
EndProject
Project("{9A19103F-16F7-4668-BE54-9A1E7A4F7556}") = "Day007", "challenges\Day007\Day007.csproj", "{E8B96E49-028B-4C7E-AE9D-8FEAFF7D36A2}"
EndProject
Project("{9A19103F-16F7-4668-BE54-9A1E7A4F7556}") = "Day008", "challenges\Day008\Day008.csproj", "{B41B1176-919F-48A2-AB62-F4F22ACB7A07}"
EndProject
Global
	GlobalSection(SolutionConfigurationPlatforms) = preSolution
		Debug|Any CPU = Debug|Any CPU
		Release|Any CPU = Release|Any CPU
	EndGlobalSection
	GlobalSection(ProjectConfigurationPlatforms) = postSolution
		{EAE47D04-0AFF-4FC7-A9FE-9793452D1714}.Debug|Any CPU.ActiveCfg = Debug|Any CPU
		{EAE47D04-0AFF-4FC7-A9FE-9793452D1714}.Debug|Any CPU.Build.0 = Debug|Any CPU
		{EAE47D04-0AFF-4FC7-A9FE-9793452D1714}.Release|Any CPU.ActiveCfg = Release|Any CPU
		{EAE47D04-0AFF-4FC7-A9FE-9793452D1714}.Release|Any CPU.Build.0 = Release|Any CPU
		{EC843260-AE52-4362-948F-88722163E6E9}.Debug|Any CPU.ActiveCfg = Debug|Any CPU
		{EC843260-AE52-4362-948F-88722163E6E9}.Debug|Any CPU.Build.0 = Debug|Any CPU
		{EC843260-AE52-4362-948F-88722163E6E9}.Release|Any CPU.ActiveCfg = Release|Any CPU
		{EC843260-AE52-4362-948F-88722163E6E9}.Release|Any CPU.Build.0 = Release|Any CPU
		{D38D4FD3-646D-44EB-9BCC-98EEF56E205A}.Debug|Any CPU.ActiveCfg = Debug|Any CPU
		{D38D4FD3-646D-44EB-9BCC-98EEF56E205A}.Debug|Any CPU.Build.0 = Debug|Any CPU
		{D38D4FD3-646D-44EB-9BCC-98EEF56E205A}.Release|Any CPU.ActiveCfg = Release|Any CPU
		{D38D4FD3-646D-44EB-9BCC-98EEF56E205A}.Release|Any CPU.Build.0 = Release|Any CPU
		{150AFB5B-C89F-4D2C-922E-195213704E03}.Debug|Any CPU.ActiveCfg = Debug|Any CPU
		{150AFB5B-C89F-4D2C-922E-195213704E03}.Debug|Any CPU.Build.0 = Debug|Any CPU
		{150AFB5B-C89F-4D2C-922E-195213704E03}.Release|Any CPU.ActiveCfg = Release|Any CPU
		{150AFB5B-C89F-4D2C-922E-195213704E03}.Release|Any CPU.Build.0 = Release|Any CPU
		{FAEDF16A-06F7-4CD8-8A8B-FA889DC2C3FC}.Debug|Any CPU.ActiveCfg = Debug|Any CPU
		{FAEDF16A-06F7-4CD8-8A8B-FA889DC2C3FC}.Debug|Any CPU.Build.0 = Debug|Any CPU
		{FAEDF16A-06F7-4CD8-8A8B-FA889DC2C3FC}.Release|Any CPU.ActiveCfg = Release|Any CPU
		{FAEDF16A-06F7-4CD8-8A8B-FA889DC2C3FC}.Release|Any CPU.Build.0 = Release|Any CPU
		{DB39242F-9244-41D4-906E-5F51EA09FC77}.Debug|Any CPU.ActiveCfg = Debug|Any CPU
		{DB39242F-9244-41D4-906E-5F51EA09FC77}.Debug|Any CPU.Build.0 = Debug|Any CPU
		{DB39242F-9244-41D4-906E-5F51EA09FC77}.Release|Any CPU.ActiveCfg = Release|Any CPU
		{DB39242F-9244-41D4-906E-5F51EA09FC77}.Release|Any CPU.Build.0 = Release|Any CPU
		{E8B96E49-028B-4C7E-AE9D-8FEAFF7D36A2}.Debug|Any CPU.ActiveCfg = Debug|Any CPU
		{E8B96E49-028B-4C7E-AE9D-8FEAFF7D36A2}.Debug|Any CPU.Build.0 = Debug|Any CPU
		{E8B96E49-028B-4C7E-AE9D-8FEAFF7D36A2}.Release|Any CPU.ActiveCfg = Release|Any CPU
		{E8B96E49-028B-4C7E-AE9D-8FEAFF7D36A2}.Release|Any CPU.Build.0 = Release|Any CPU
		{B41B1176-919F-48A2-AB62-F4F22ACB7A07}.Debug|Any CPU.ActiveCfg = Debug|Any CPU
		{B41B1176-919F-48A2-AB62-F4F22ACB7A07}.Debug|Any CPU.Build.0 = Debug|Any CPU
		{B41B1176-919F-48A2-AB62-F4F22ACB7A07}.Release|Any CPU.ActiveCfg = Release|Any CPU
		{B41B1176-919F-48A2-AB62-F4F22ACB7A07}.Release|Any CPU.Build.0 = Release|Any CPU
	EndGlobalSection
	GlobalSection(SolutionProperties) = preSolution
		HideSolutionNode = FALSE
	EndGlobalSection
	GlobalSection(NestedProjects) = preSolution
		{EAE47D04-0AFF-4FC7-A9FE-9793452D1714} = {95112BA2-10A8-452B-BFC3-8DF46C5A8BC7}
		{EC843260-AE52-4362-948F-88722163E6E9} = {95112BA2-10A8-452B-BFC3-8DF46C5A8BC7}
		{D38D4FD3-646D-44EB-9BCC-98EEF56E205A} = {95112BA2-10A8-452B-BFC3-8DF46C5A8BC7}
		{150AFB5B-C89F-4D2C-922E-195213704E03} = {95112BA2-10A8-452B-BFC3-8DF46C5A8BC7}
		{FAEDF16A-06F7-4CD8-8A8B-FA889DC2C3FC} = {95112BA2-10A8-452B-BFC3-8DF46C5A8BC7}
		{DB39242F-9244-41D4-906E-5F51EA09FC77} = {95112BA2-10A8-452B-BFC3-8DF46C5A8BC7}
		{E8B96E49-028B-4C7E-AE9D-8FEAFF7D36A2} = {95112BA2-10A8-452B-BFC3-8DF46C5A8BC7}
		{B41B1176-919F-48A2-AB62-F4F22ACB7A07} = {95112BA2-10A8-452B-BFC3-8DF46C5A8BC7}
	EndGlobalSection
	GlobalSection(ExtensibilityGlobals) = postSolution
		SolutionGuid = {01A76F09-5EC0-4700-80B2-8CD4C117CC17}
	EndGlobalSection
EndGlobal
